
Microsoft Visual Studio Solution File, Format Version 12.00
# Visual Studio Version 16
VisualStudioVersion = 16.0.30011.22
MinimumVisualStudioVersion = 10.0.40219.1
Project("{9A19103F-16F7-4668-BE54-9A1E7A4F7556}") = "NossoMercadoLivre.API", "NossoMercadoLivre.API\NossoMercadoLivre.API.csproj", "{E417EB71-0A95-44E6-8343-5F3E7C5DD04B}"
EndProject
Project("{2150E333-8FDC-42A3-9474-1A3956D46DE8}") = "01 - API", "01 - API", "{D62BEF06-4F7F-4B6A-B769-00C1CDDE47F4}"
EndProject
Project("{2150E333-8FDC-42A3-9474-1A3956D46DE8}") = "02 - APP", "02 - APP", "{36228C60-BECE-4402-A7CC-770CABFA4D5E}"
EndProject
Project("{2150E333-8FDC-42A3-9474-1A3956D46DE8}") = "03 - Domain", "03 - Domain", "{F435629D-0A3D-4D07-9EB9-98590E8C1D79}"
EndProject
Project("{2150E333-8FDC-42A3-9474-1A3956D46DE8}") = "04 - Impl", "04 - Impl", "{7A9064F3-C0A4-41F4-91BE-53013A437BB4}"
EndProject
Project("{2150E333-8FDC-42A3-9474-1A3956D46DE8}") = "05 - UnitTest", "05 - UnitTest", "{C4835A56-0BFA-4959-81BF-88C1C553D0B3}"
EndProject
Project("{2150E333-8FDC-42A3-9474-1A3956D46DE8}") = "06 - CrossCutting", "06 - CrossCutting", "{650AECA4-30EA-4A05-BAE7-F2CC93026282}"
EndProject
Project("{FAE04EC0-301F-11D3-BF4B-00C04F79EFBC}") = "NossoMercadoLivre.APP", "NossoMercadoLivre.APP\NossoMercadoLivre.APP.csproj", "{AED0CF67-D651-46A9-B39F-39FF55CFDBFE}"
EndProject
Project("{FAE04EC0-301F-11D3-BF4B-00C04F79EFBC}") = "NossoMercadoLivre.Domain", "NossoMercadoLivre.Domain\NossoMercadoLivre.Domain.csproj", "{D1D01045-2741-4BA4-9E27-44201BC85095}"
EndProject
Project("{FAE04EC0-301F-11D3-BF4B-00C04F79EFBC}") = "NossoMercadoLivre.Impl", "NossoMercadoLivre.Impl\NossoMercadoLivre.Impl.csproj", "{BA12E814-4429-4B29-B510-B6CEE4800DA2}"
EndProject
Project("{FAE04EC0-301F-11D3-BF4B-00C04F79EFBC}") = "NossoMercadoLivre.CrossCutting", "NossoMercadoLivre.CrossCutting\NossoMercadoLivre.CrossCutting.csproj", "{2DEDCA4A-073F-4BE2-85C5-2A0CD97A6D1D}"
EndProject
Project("{2150E333-8FDC-42A3-9474-1A3956D46DE8}") = "Solution Items", "Solution Items", "{FEA2CA18-6A82-48F2-A729-5532A818927F}"
	ProjectSection(SolutionItems) = preProject
		.editorconfig = .editorconfig
	EndProjectSection
EndProject
Global
	GlobalSection(SolutionConfigurationPlatforms) = preSolution
		Debug|Any CPU = Debug|Any CPU
		Release|Any CPU = Release|Any CPU
	EndGlobalSection
	GlobalSection(ProjectConfigurationPlatforms) = postSolution
		{E417EB71-0A95-44E6-8343-5F3E7C5DD04B}.Debug|Any CPU.ActiveCfg = Debug|Any CPU
		{E417EB71-0A95-44E6-8343-5F3E7C5DD04B}.Debug|Any CPU.Build.0 = Debug|Any CPU
		{E417EB71-0A95-44E6-8343-5F3E7C5DD04B}.Release|Any CPU.ActiveCfg = Release|Any CPU
		{E417EB71-0A95-44E6-8343-5F3E7C5DD04B}.Release|Any CPU.Build.0 = Release|Any CPU
		{AED0CF67-D651-46A9-B39F-39FF55CFDBFE}.Debug|Any CPU.ActiveCfg = Debug|Any CPU
		{AED0CF67-D651-46A9-B39F-39FF55CFDBFE}.Debug|Any CPU.Build.0 = Debug|Any CPU
		{AED0CF67-D651-46A9-B39F-39FF55CFDBFE}.Release|Any CPU.ActiveCfg = Release|Any CPU
		{AED0CF67-D651-46A9-B39F-39FF55CFDBFE}.Release|Any CPU.Build.0 = Release|Any CPU
		{D1D01045-2741-4BA4-9E27-44201BC85095}.Debug|Any CPU.ActiveCfg = Debug|Any CPU
		{D1D01045-2741-4BA4-9E27-44201BC85095}.Debug|Any CPU.Build.0 = Debug|Any CPU
		{D1D01045-2741-4BA4-9E27-44201BC85095}.Release|Any CPU.ActiveCfg = Release|Any CPU
		{D1D01045-2741-4BA4-9E27-44201BC85095}.Release|Any CPU.Build.0 = Release|Any CPU
		{BA12E814-4429-4B29-B510-B6CEE4800DA2}.Debug|Any CPU.ActiveCfg = Debug|Any CPU
		{BA12E814-4429-4B29-B510-B6CEE4800DA2}.Debug|Any CPU.Build.0 = Debug|Any CPU
		{BA12E814-4429-4B29-B510-B6CEE4800DA2}.Release|Any CPU.ActiveCfg = Release|Any CPU
		{BA12E814-4429-4B29-B510-B6CEE4800DA2}.Release|Any CPU.Build.0 = Release|Any CPU
		{2DEDCA4A-073F-4BE2-85C5-2A0CD97A6D1D}.Debug|Any CPU.ActiveCfg = Debug|Any CPU
		{2DEDCA4A-073F-4BE2-85C5-2A0CD97A6D1D}.Debug|Any CPU.Build.0 = Debug|Any CPU
		{2DEDCA4A-073F-4BE2-85C5-2A0CD97A6D1D}.Release|Any CPU.ActiveCfg = Release|Any CPU
		{2DEDCA4A-073F-4BE2-85C5-2A0CD97A6D1D}.Release|Any CPU.Build.0 = Release|Any CPU
	EndGlobalSection
	GlobalSection(SolutionProperties) = preSolution
		HideSolutionNode = FALSE
	EndGlobalSection
	GlobalSection(NestedProjects) = preSolution
		{E417EB71-0A95-44E6-8343-5F3E7C5DD04B} = {D62BEF06-4F7F-4B6A-B769-00C1CDDE47F4}
		{AED0CF67-D651-46A9-B39F-39FF55CFDBFE} = {36228C60-BECE-4402-A7CC-770CABFA4D5E}
		{D1D01045-2741-4BA4-9E27-44201BC85095} = {F435629D-0A3D-4D07-9EB9-98590E8C1D79}
		{BA12E814-4429-4B29-B510-B6CEE4800DA2} = {7A9064F3-C0A4-41F4-91BE-53013A437BB4}
		{2DEDCA4A-073F-4BE2-85C5-2A0CD97A6D1D} = {650AECA4-30EA-4A05-BAE7-F2CC93026282}
	EndGlobalSection
	GlobalSection(ExtensibilityGlobals) = postSolution
		SolutionGuid = {9ADFC2A8-13C9-469C-969F-A44073A9AE2F}
	EndGlobalSection
EndGlobal
